<?xml version="1.0" encoding="UTF-8" standalone="yes" ?>
<CodeBlocks_project_file>
	<FileVersion major="1" minor="6" />
	<Project>
		<Option title="codeblocks" />
		<Option pch_mode="2" />
		<Option compiler="gcc" />
		<Build>
			<Target title="Debug">
				<Option output="bin/Debug/codeblocks" prefix_auto="1" extension_auto="1" />
				<Option object_output="obj/Debug/" />
				<Option type="1" />
				<Option compiler="gcc" />
				<Compiler>
					<Add option="-g" />
				</Compiler>
			</Target>
			<Target title="Release">
				<Option output="bin/Release/codeblocks" prefix_auto="1" extension_auto="1" />
				<Option object_output="obj/Release/" />
				<Option type="1" />
				<Option compiler="gcc" />
				<Compiler>
					<Add option="-O2" />
				</Compiler>
				<Linker>
					<Add option="-s" />
				</Linker>
			</Target>
		</Build>
		<Compiler>
			<Add option="-Wall" />
			<Add option="-fexceptions" />
		</Compiler>
		<Unit filename="../../../../Raspberry-Pi/git/oscar/dma/build/dma_shared_target_sim_dbg.o" />
		<Unit filename="../../../../Raspberry-Pi/git/oscar/dma/build/dma_target_target_sim.o" />
		<Unit filename="../app-template/Changelog" />
		<Unit filename="../app-template/HISTORY" />
		<Unit filename="../app-template/Makefile" />
		<Unit filename="../app-template/app/app" />
		<Unit filename="../app-template/app/run.sh" />
		<Unit filename="../app-template/app_host" />
		<Unit filename="../app-template/build/cgi/cgi_host.d" />
		<Unit filename="../app-template/build/cgi/cgi_host.o" />
		<Unit filename="../app-template/build/debug_host.d" />
		<Unit filename="../app-template/build/debug_host.o" />
		<Unit filename="../app-template/build/draw_host.d" />
		<Unit filename="../app-template/build/draw_host.o" />
		<Unit filename="../app-template/build/ipc_host.d" />
		<Unit filename="../app-template/build/ipc_host.o" />
		<Unit filename="../app-template/build/main_host.d" />
		<Unit filename="../app-template/build/main_host.o" />
		<Unit filename="../app-template/build/mainstate_host.d" />
		<Unit filename="../app-template/build/mainstate_host.o" />
		<Unit filename="../app-template/build/process_frame_host.d" />
		<Unit filename="../app-template/build/process_frame_host.o" />
		<Unit filename="../app-template/cgi/cgi.c">
			<Option compilerVar="CC" />
		</Unit>
		<Unit filename="../app-template/cgi/cgi.h" />
		<Unit filename="../app-template/cgi/www/cgi-bin/cgi" />
		<Unit filename="../app-template/cgi/www/css/images/ui-bg_diagonals-thick_25_000000_40x40.png" />
		<Unit filename="../app-template/cgi/www/css/images/ui-bg_flat_0_000000_40x100.png" />
		<Unit filename="../app-template/cgi/www/css/images/ui-bg_flat_55_f8f3dd_40x100.png" />
		<Unit filename="../app-template/cgi/www/css/images/ui-bg_flat_65_ebedf4_40x100.png" />
		<Unit filename="../app-template/cgi/www/css/images/ui-bg_flat_75_bac6d9_40x100.png" />
		<Unit filename="../app-template/cgi/www/css/images/ui-bg_flat_75_ebedf4_40x100.png" />
		<Unit filename="../app-template/cgi/www/css/images/ui-bg_flat_75_ef3e33_40x100.png" />
		<Unit filename="../app-template/cgi/www/css/images/ui-bg_flat_75_ffffff_40x100.png" />
		<Unit filename="../app-template/cgi/www/css/images/ui-bg_flat_95_fbdcda_40x100.png" />
		<Unit filename="../app-template/cgi/www/css/images/ui-icons_222222_256x240.png" />
		<Unit filename="../app-template/cgi/www/css/images/ui-icons_2e75ff_256x240.png" />
		<Unit filename="../app-template/cgi/www/css/images/ui-icons_454545_256x240.png" />
		<Unit filename="../app-template/cgi/www/css/images/ui-icons_888888_256x240.png" />
		<Unit filename="../app-template/cgi/www/css/images/ui-icons_e60f00_256x240.png" />
		<Unit filename="../app-template/cgi/www/css/jquery-ui-1.7.1.custom.css" />
		<Unit filename="../app-template/cgi/www/css/styles.css" />
		<Unit filename="../app-template/cgi/www/imgs/error.png" />
		<Unit filename="../app-template/cgi/www/imgs/wheel.png" />
		<Unit filename="../app-template/cgi/www/index.html" />
		<Unit filename="../app-template/cgi/www/index.xhtml" />
		<Unit filename="../app-template/cgi/www/js/functions.js" />
		<Unit filename="../app-template/cgi/www/js/jquery-1.3.2.min.js" />
		<Unit filename="../app-template/cgi/www/js/jquery-ui-1.7.1.custom.min.js" />
		<Unit filename="../app-template/cgi/www/js/jquery.form-2.28.js" />
		<Unit filename="../app-template/cgi/www/js/jquery.timers-1.1.2.js" />
		<Unit filename="../app-template/configure" />
		<Unit filename="../app-template/configure.in" />
		<Unit filename="../app-template/debug.c">
			<Option compilerVar="CC" />
		</Unit>
		<Unit filename="../app-template/debug.h" />
		<Unit filename="../app-template/do-release" />
		<Unit filename="../app-template/do-tag" />
		<Unit filename="../app-template/draw.c">
			<Option compilerVar="CC" />
		</Unit>
		<Unit filename="../app-template/ext/gd-lib/config.h" />
		<Unit filename="../app-template/ext/gd-lib/entities.h" />
		<Unit filename="../app-template/ext/gd-lib/gd.h" />
		<Unit filename="../app-template/ext/gd-lib/gd_io.h" />
		<Unit filename="../app-template/ext/gd-lib/gdcache.h" />
		<Unit filename="../app-template/ext/gd-lib/gdfontg.h" />
		<Unit filename="../app-template/ext/gd-lib/gdfontl.h" />
		<Unit filename="../app-template/ext/gd-lib/gdfontmb.h" />
		<Unit filename="../app-template/ext/gd-lib/gdfonts.h" />
		<Unit filename="../app-template/ext/gd-lib/gdfontt.h" />
		<Unit filename="../app-template/ext/gd-lib/gdfx.h" />
		<Unit filename="../app-template/ext/gd-lib/gdhelpers.h" />
		<Unit filename="../app-template/ext/gd-lib/jisx0208.h" />
		<Unit filename="../app-template/ext/gd-lib/libgd_host.a" />
		<Unit filename="../app-template/ext/gd-lib/libgd_target.a" />
		<Unit filename="../app-template/ext/gd-lib/wbmp.h" />
		<Unit filename="../app-template/ext/jpeg-6b/jchuff.h" />
		<Unit filename="../app-template/ext/jpeg-6b/jconfig.h" />
		<Unit filename="../app-template/ext/jpeg-6b/jdct.h" />
		<Unit filename="../app-template/ext/jpeg-6b/jdhuff.h" />
		<Unit filename="../app-template/ext/jpeg-6b/jerror.h" />
		<Unit filename="../app-template/ext/jpeg-6b/jinclude.h" />
		<Unit filename="../app-template/ext/jpeg-6b/jmemsys.h" />
		<Unit filename="../app-template/ext/jpeg-6b/jmorecfg.h" />
		<Unit filename="../app-template/ext/jpeg-6b/jpegint.h" />
		<Unit filename="../app-template/ext/jpeg-6b/jpeglib.h" />
		<Unit filename="../app-template/ext/jpeg-6b/jversion.h" />
		<Unit filename="../app-template/ext/jpeg-6b/libjpeg_host.a" />
		<Unit filename="../app-template/ext/jpeg-6b/libjpeg_target.a" />
		<Unit filename="../app-template/gpio_in.txt" />
		<Unit filename="../app-template/ipc.c">
			<Option compilerVar="CC" />
		</Unit>
		<Unit filename="../app-template/main.c">
			<Option compilerVar="CC" />
		</Unit>
		<Unit filename="../app-template/mainstate.c">
			<Option compilerVar="CC" />
		</Unit>
		<Unit filename="../app-template/mainstate.h" />
		<Unit filename="../app-template/oscar/Changelog" />
		<Unit filename="../app-template/oscar/HISTORY" />
		<Unit filename="../app-template/oscar/LICENSE" />
		<Unit filename="../app-template/oscar/Makefile" />
		<Unit filename="../app-template/oscar/Makefile_config" />
		<Unit filename="../app-template/oscar/Makefile_module" />
		<Unit filename="../app-template/oscar/bmp/Makefile" />
		<Unit filename="../app-template/oscar/bmp/bmp.c">
			<Option compilerVar="CC" />
		</Unit>
		<Unit filename="../app-template/oscar/bmp/bmp.h" />
		<Unit filename="../app-template/oscar/bmp/build/bmp_host.d" />
		<Unit filename="../app-template/oscar/bmp/build/bmp_host.o" />
		<Unit filename="../app-template/oscar/bmp/build/bmp_host_dbg.d" />
		<Unit filename="../app-template/oscar/bmp/build/bmp_host_dbg.o" />
		<Unit filename="../app-template/oscar/bmp/build/bmp_target.d" />
		<Unit filename="../app-template/oscar/bmp/build/bmp_target.o" />
		<Unit filename="../app-template/oscar/bmp/build/bmp_target_dbg.d" />
		<Unit filename="../app-template/oscar/bmp/build/bmp_target_dbg.o" />
		<Unit filename="../app-template/oscar/bmp/build/bmp_target_sim.d" />
		<Unit filename="../app-template/oscar/bmp/build/bmp_target_sim.o" />
		<Unit filename="../app-template/oscar/bmp/build/bmp_target_sim_dbg.d" />
		<Unit filename="../app-template/oscar/bmp/build/bmp_target_sim_dbg.o" />
		<Unit filename="../app-template/oscar/boards/Mesa-SR4k.h" />
		<Unit filename="../app-template/oscar/boards/Mesa-SR4k.mk" />
		<Unit filename="../app-template/oscar/boards/indXcam.h" />
		<Unit filename="../app-template/oscar/boards/indXcam.mk" />
		<Unit filename="../app-template/oscar/boards/indXcam.sh" />
		<Unit filename="../app-template/oscar/boards/leanXcam.h" />
		<Unit filename="../app-template/oscar/boards/leanXcam.mk" />
		<Unit filename="../app-template/oscar/boards/leanXradio.h" />
		<Unit filename="../app-template/oscar/boards/leanXradio.mk" />
		<Unit filename="../app-template/oscar/boards/leanXradio.sh" />
		<Unit filename="../app-template/oscar/boards/raspi-cam.h" />
		<Unit filename="../app-template/oscar/boards/raspi-cam.mk" />
		<Unit filename="../app-template/oscar/build/oscar_host.d" />
		<Unit filename="../app-template/oscar/build/oscar_host.o" />
		<Unit filename="../app-template/oscar/build/oscar_host_dbg.d" />
		<Unit filename="../app-template/oscar/build/oscar_host_dbg.o" />
		<Unit filename="../app-template/oscar/build/oscar_target.d" />
		<Unit filename="../app-template/oscar/build/oscar_target.o" />
		<Unit filename="../app-template/oscar/build/oscar_target_dbg.d" />
		<Unit filename="../app-template/oscar/build/oscar_target_dbg.o" />
		<Unit filename="../app-template/oscar/build/oscar_target_sim.d" />
		<Unit filename="../app-template/oscar/build/oscar_target_sim.o" />
		<Unit filename="../app-template/oscar/build/oscar_target_sim_dbg.d" />
		<Unit filename="../app-template/oscar/build/oscar_target_sim_dbg.o" />
		<Unit filename="../app-template/oscar/cam/Makefile" />
		<Unit filename="../app-template/oscar/cam/Makefile.local" />
		<Unit filename="../app-template/oscar/cam/build/cam_host_host.d" />
		<Unit filename="../app-template/oscar/cam/build/cam_host_host.o" />
		<Unit filename="../app-template/oscar/cam/build/cam_host_host_dbg.d" />
		<Unit filename="../app-template/oscar/cam/build/cam_host_host_dbg.o" />
		<Unit filename="../app-template/oscar/cam/build/cam_host_target_sim.d" />
		<Unit filename="../app-template/oscar/cam/build/cam_host_target_sim.o" />
		<Unit filename="../app-template/oscar/cam/build/cam_host_target_sim_dbg.d" />
		<Unit filename="../app-template/oscar/cam/build/cam_host_target_sim_dbg.o" />
		<Unit filename="../app-template/oscar/cam/build/cam_multibuffer_host.d" />
		<Unit filename="../app-template/oscar/cam/build/cam_multibuffer_host.o" />
		<Unit filename="../app-template/oscar/cam/build/cam_multibuffer_host_dbg.d" />
		<Unit filename="../app-template/oscar/cam/build/cam_multibuffer_host_dbg.o" />
		<Unit filename="../app-template/oscar/cam/build/cam_multibuffer_target.d" />
		<Unit filename="../app-template/oscar/cam/build/cam_multibuffer_target.o" />
		<Unit filename="../app-template/oscar/cam/build/cam_multibuffer_target_dbg.d" />
		<Unit filename="../app-template/oscar/cam/build/cam_multibuffer_target_dbg.o" />
		<Unit filename="../app-template/oscar/cam/build/cam_multibuffer_target_sim.d" />
		<Unit filename="../app-template/oscar/cam/build/cam_multibuffer_target_sim.o" />
		<Unit filename="../app-template/oscar/cam/build/cam_multibuffer_target_sim_dbg.d" />
		<Unit filename="../app-template/oscar/cam/build/cam_multibuffer_target_sim_dbg.o" />
		<Unit filename="../app-template/oscar/cam/build/cam_shared_host.d" />
		<Unit filename="../app-template/oscar/cam/build/cam_shared_host.o" />
		<Unit filename="../app-template/oscar/cam/build/cam_shared_host_dbg.d" />
		<Unit filename="../app-template/oscar/cam/build/cam_shared_host_dbg.o" />
		<Unit filename="../app-template/oscar/cam/build/cam_shared_target.d" />
		<Unit filename="../app-template/oscar/cam/build/cam_shared_target.o" />
		<Unit filename="../app-template/oscar/cam/build/cam_shared_target_dbg.d" />
		<Unit filename="../app-template/oscar/cam/build/cam_shared_target_dbg.o" />
		<Unit filename="../app-template/oscar/cam/build/cam_shared_target_sim.d" />
		<Unit filename="../app-template/oscar/cam/build/cam_shared_target_sim.o" />
		<Unit filename="../app-template/oscar/cam/build/cam_shared_target_sim_dbg.d" />
		<Unit filename="../app-template/oscar/cam/build/cam_shared_target_sim_dbg.o" />
		<Unit filename="../app-template/oscar/cam/build/cam_target_target.d" />
		<Unit filename="../app-template/oscar/cam/build/cam_target_target.o" />
		<Unit filename="../app-template/oscar/cam/build/cam_target_target_dbg.d" />
		<Unit filename="../app-template/oscar/cam/build/cam_target_target_dbg.o" />
		<Unit filename="../app-template/oscar/cam/cam.h" />
		<Unit filename="../app-template/oscar/cam/cam_host.c">
			<Option compilerVar="CC" />
		</Unit>
		<Unit filename="../app-template/oscar/cam/cam_multibuffer.c">
			<Option compilerVar="CC" />
		</Unit>
		<Unit filename="../app-template/oscar/cam/cam_multibuffer.h" />
		<Unit filename="../app-template/oscar/cam/cam_shared.c">
			<Option compilerVar="CC" />
		</Unit>
		<Unit filename="../app-template/oscar/cam/cam_target.c">
			<Option compilerVar="CC" />
		</Unit>
		<Unit filename="../app-template/oscar/cam/mt9v032.h" />
		<Unit filename="../app-template/oscar/cfg/Makefile" />
		<Unit filename="../app-template/oscar/cfg/build/cfg_host.d" />
		<Unit filename="../app-template/oscar/cfg/build/cfg_host.o" />
		<Unit filename="../app-template/oscar/cfg/build/cfg_host_dbg.d" />
		<Unit filename="../app-template/oscar/cfg/build/cfg_host_dbg.o" />
		<Unit filename="../app-template/oscar/cfg/build/cfg_target.d" />
		<Unit filename="../app-template/oscar/cfg/build/cfg_target.o" />
		<Unit filename="../app-template/oscar/cfg/build/cfg_target_dbg.d" />
		<Unit filename="../app-template/oscar/cfg/build/cfg_target_dbg.o" />
		<Unit filename="../app-template/oscar/cfg/build/cfg_target_sim.d" />
		<Unit filename="../app-template/oscar/cfg/build/cfg_target_sim.o" />
		<Unit filename="../app-template/oscar/cfg/build/cfg_target_sim_dbg.d" />
		<Unit filename="../app-template/oscar/cfg/build/cfg_target_sim_dbg.o" />
		<Unit filename="../app-template/oscar/cfg/cfg.c">
			<Option compilerVar="CC" />
		</Unit>
		<Unit filename="../app-template/oscar/configure" />
		<Unit filename="../app-template/oscar/configure.in" />
		<Unit filename="../app-template/oscar/cpld/Makefile" />
		<Unit filename="../app-template/oscar/cpld/Makefile.local" />
		<Unit filename="../app-template/oscar/cpld/build/cpld_host_host.d" />
		<Unit filename="../app-template/oscar/cpld/build/cpld_host_host.o" />
		<Unit filename="../app-template/oscar/cpld/build/cpld_host_host_dbg.d" />
		<Unit filename="../app-template/oscar/cpld/build/cpld_host_host_dbg.o" />
		<Unit filename="../app-template/oscar/cpld/build/cpld_host_target_sim.d" />
		<Unit filename="../app-template/oscar/cpld/build/cpld_host_target_sim.o" />
		<Unit filename="../app-template/oscar/cpld/build/cpld_host_target_sim_dbg.d" />
		<Unit filename="../app-template/oscar/cpld/build/cpld_host_target_sim_dbg.o" />
		<Unit filename="../app-template/oscar/cpld/build/cpld_target_target.d" />
		<Unit filename="../app-template/oscar/cpld/build/cpld_target_target.o" />
		<Unit filename="../app-template/oscar/cpld/build/cpld_target_target_dbg.d" />
		<Unit filename="../app-template/oscar/cpld/build/cpld_target_target_dbg.o" />
		<Unit filename="../app-template/oscar/cpld/cpld.h" />
		<Unit filename="../app-template/oscar/cpld/cpld_host.c">
			<Option compilerVar="CC" />
		</Unit>
		<Unit filename="../app-template/oscar/cpld/cpld_target.c">
			<Option compilerVar="CC" />
		</Unit>
		<Unit filename="../app-template/oscar/dma/Makefile" />
		<Unit filename="../app-template/oscar/dma/build/dma_host_host.d" />
		<Unit filename="../app-template/oscar/dma/build/dma_host_host.o" />
		<Unit filename="../app-template/oscar/dma/build/dma_host_host_dbg.d" />
		<Unit filename="../app-template/oscar/dma/build/dma_host_host_dbg.o" />
		<Unit filename="../app-template/oscar/dma/build/dma_shared_host.d" />
		<Unit filename="../app-template/oscar/dma/build/dma_shared_host.o" />
		<Unit filename="../app-template/oscar/dma/build/dma_shared_host_dbg.d" />
		<Unit filename="../app-template/oscar/dma/build/dma_shared_host_dbg.o" />
		<Unit filename="../app-template/oscar/dma/build/dma_shared_target.d" />
		<Unit filename="../app-template/oscar/dma/build/dma_shared_target.o" />
		<Unit filename="../app-template/oscar/dma/build/dma_shared_target_dbg.d" />
		<Unit filename="../app-template/oscar/dma/build/dma_shared_target_dbg.o" />
		<Unit filename="../app-template/oscar/dma/build/dma_shared_target_sim.d" />
		<Unit filename="../app-template/oscar/dma/build/dma_shared_target_sim.o" />
		<Unit filename="../app-template/oscar/dma/build/dma_shared_target_sim_dbg.d" />
		<Unit filename="../app-template/oscar/dma/build/dma_target_target.d" />
		<Unit filename="../app-template/oscar/dma/build/dma_target_target.o" />
		<Unit filename="../app-template/oscar/dma/build/dma_target_target_dbg.d" />
		<Unit filename="../app-template/oscar/dma/build/dma_target_target_dbg.o" />
		<Unit filename="../app-template/oscar/dma/build/dma_target_target_sim.d" />
		<Unit filename="../app-template/oscar/dma/build/dma_target_target_sim_dbg.d" />
		<Unit filename="../app-template/oscar/dma/build/dma_target_target_sim_dbg.o" />
		<Unit filename="../app-template/oscar/dma/dma.h" />
		<Unit filename="../app-template/oscar/dma/dma_host.c">
			<Option compilerVar="CC" />
		</Unit>
		<Unit filename="../app-template/oscar/dma/dma_shared.c">
			<Option compilerVar="CC" />
		</Unit>
		<Unit filename="../app-template/oscar/dma/dma_target.c">
			<Option compilerVar="CC" />
		</Unit>
		<Unit filename="../app-template/oscar/do-release" />
		<Unit filename="../app-template/oscar/do-tag" />
		<Unit filename="../app-template/oscar/documentation/html/DebayerBilinearBGR_8c_source.html" />
		<Unit filename="../app-template/oscar/documentation/html/DebayerBilinearBGR__host_8c_source.html" />
		<Unit filename="../app-template/oscar/documentation/html/DebayerBilinearBGR__target_8c_source.html" />
		<Unit filename="../app-template/oscar/documentation/html/DebayerBilinearShared__host_8c_source.html" />
		<Unit filename="../app-template/oscar/documentation/html/DebayerBilinear_8h_source.html" />
		<Unit filename="../app-template/oscar/documentation/html/Mesa-SR4k_8h_source.html" />
		<Unit filename="../app-template/oscar/documentation/html/annotated.html" />
		<Unit filename="../app-template/oscar/documentation/html/bayer__fast_8c.html" />
		<Unit filename="../app-template/oscar/documentation/html/bayer__fast_8c_source.html" />
		<Unit filename="../app-template/oscar/documentation/html/bayer__lincorr_8c.html" />
		<Unit filename="../app-template/oscar/documentation/html/bayer__lincorr_8c_source.html" />
		<Unit filename="../app-template/oscar/documentation/html/bc_s.png" />
		<Unit filename="../app-template/oscar/documentation/html/bdwn.png" />
		<Unit filename="../app-template/oscar/documentation/html/bmp_2bmp_8h.html" />
		<Unit filename="../app-template/oscar/documentation/html/bmp_2bmp_8h_source.html" />
		<Unit filename="../app-template/oscar/documentation/html/bmp_8c.html" />
		<Unit filename="../app-template/oscar/documentation/html/bmp_8c_source.html" />
		<Unit filename="../app-template/oscar/documentation/html/cam_2cam_8h.html" />
		<Unit filename="../app-template/oscar/documentation/html/cam_2cam_8h_source.html" />
		<Unit filename="../app-template/oscar/documentation/html/cam__host_8c.html" />
		<Unit filename="../app-template/oscar/documentation/html/cam__host_8c_source.html" />
		<Unit filename="../app-template/oscar/documentation/html/cam__multibuffer_8c.html" />
		<Unit filename="../app-template/oscar/documentation/html/cam__multibuffer_8c_source.html" />
		<Unit filename="../app-template/oscar/documentation/html/cam__multibuffer_8h.html" />
		<Unit filename="../app-template/oscar/documentation/html/cam__multibuffer_8h_source.html" />
		<Unit filename="../app-template/oscar/documentation/html/cam__shared_8c.html" />
		<Unit filename="../app-template/oscar/documentation/html/cam__shared_8c_source.html" />
		<Unit filename="../app-template/oscar/documentation/html/cam__target_8c.html" />
		<Unit filename="../app-template/oscar/documentation/html/cam__target_8c_source.html" />
		<Unit filename="../app-template/oscar/documentation/html/camera-title.png" />
		<Unit filename="../app-template/oscar/documentation/html/cfg_8c.html" />
		<Unit filename="../app-template/oscar/documentation/html/cfg_8c_source.html" />
		<Unit filename="../app-template/oscar/documentation/html/cfg_8h.html" />
		<Unit filename="../app-template/oscar/documentation/html/cfg_8h_source.html" />
		<Unit filename="../app-template/oscar/documentation/html/cgitest_8c_source.html" />
		<Unit filename="../app-template/oscar/documentation/html/classes.html" />
		<Unit filename="../app-template/oscar/documentation/html/clb_8h.html" />
		<Unit filename="../app-template/oscar/documentation/html/clb_8h_source.html" />
		<Unit filename="../app-template/oscar/documentation/html/closed.png" />
		<Unit filename="../app-template/oscar/documentation/html/conversions_8c.html" />
		<Unit filename="../app-template/oscar/documentation/html/conversions_8c_source.html" />
		<Unit filename="../app-template/oscar/documentation/html/cpld_2cpld_8h.html" />
		<Unit filename="../app-template/oscar/documentation/html/cpld_2cpld_8h_source.html" />
		<Unit filename="../app-template/oscar/documentation/html/cpld__host_8c.html" />
		<Unit filename="../app-template/oscar/documentation/html/cpld__host_8c_source.html" />
		<Unit filename="../app-template/oscar/documentation/html/cpld__target_8c.html" />
		<Unit filename="../app-template/oscar/documentation/html/cpld__target_8c_source.html" />
		<Unit filename="../app-template/oscar/documentation/html/dir_1c5fa7fbb33b1ec73f5a93fe8c3e0581.html" />
		<Unit filename="../app-template/oscar/documentation/html/dir_313d38d78ca72eb42872c6344d68b62d.html" />
		<Unit filename="../app-template/oscar/documentation/html/dir_33582124a910336d3602ccb9c288ea3c.html" />
		<Unit filename="../app-template/oscar/documentation/html/dir_4fedf3bc7458de691f44ea68a2cf9143.html" />
		<Unit filename="../app-template/oscar/documentation/html/dir_56dbbdc39b089bc0b46773660ce64bd1.html" />
		<Unit filename="../app-template/oscar/documentation/html/dir_5da80c67b0d1e58ff4c3e0614ce822b4.html" />
		<Unit filename="../app-template/oscar/documentation/html/dir_62e1a688df04c5d9bc4be04fa2f73121.html" />
		<Unit filename="../app-template/oscar/documentation/html/dir_6c36b64852547327283732128225c9d7.html" />
		<Unit filename="../app-template/oscar/documentation/html/dir_6c8313236d9db5b969ca7d150fe527de.html" />
		<Unit filename="../app-template/oscar/documentation/html/dir_753a3e5b83f4bf14c29dd6412636d501.html" />
		<Unit filename="../app-template/oscar/documentation/html/dir_9381a7bbd03577d6d8720c7f35c94ffa.html" />
		<Unit filename="../app-template/oscar/documentation/html/dir_abd5de0b41ca078baacb0d680c8e67c1.html" />
		<Unit filename="../app-template/oscar/documentation/html/dir_c2496547ef9eadc19aead8c32a827ef2.html" />
		<Unit filename="../app-template/oscar/documentation/html/dir_c3db91babacb5c00518cdb7e70c521a1.html" />
		<Unit filename="../app-template/oscar/documentation/html/dir_cfb2ffb2869bbb27b7281952022eb856.html" />
		<Unit filename="../app-template/oscar/documentation/html/dir_d44c64559bbebec7f509842c48db8b23.html" />
		<Unit filename="../app-template/oscar/documentation/html/dir_e1435773eff8cf68e3d154c716f7d38b.html" />
		<Unit filename="../app-template/oscar/documentation/html/dir_f2868fe75e44056e9467b009eeee49be.html" />
		<Unit filename="../app-template/oscar/documentation/html/dir_f443dc2d522ce8fdc47248aa94bd302d.html" />
		<Unit filename="../app-template/oscar/documentation/html/dir_f8fc74532673b617cecd4e693610f5b2.html" />
		<Unit filename="../app-template/oscar/documentation/html/dma_2dma_8h.html" />
		<Unit filename="../app-template/oscar/documentation/html/dma_2dma_8h_source.html" />
		<Unit filename="../app-template/oscar/documentation/html/dma__host_8c.html" />
		<Unit filename="../app-template/oscar/documentation/html/dma__host_8c_source.html" />
		<Unit filename="../app-template/oscar/documentation/html/dma__shared_8c.html" />
		<Unit filename="../app-template/oscar/documentation/html/dma__shared_8c_source.html" />
		<Unit filename="../app-template/oscar/documentation/html/dma__target_8c.html" />
		<Unit filename="../app-template/oscar/documentation/html/dma__target_8c_source.html" />
		<Unit filename="../app-template/oscar/documentation/html/doxygen.css" />
		<Unit filename="../app-template/oscar/documentation/html/doxygen.png" />
		<Unit filename="../app-template/oscar/documentation/html/dspl_2dspl_8h.html" />
		<Unit filename="../app-template/oscar/documentation/html/dspl_2dspl_8h_source.html" />
		<Unit filename="../app-template/oscar/documentation/html/dspl__host_8c.html" />
		<Unit filename="../app-template/oscar/documentation/html/dspl__host_8c_source.html" />
		<Unit filename="../app-template/oscar/documentation/html/dspl__target_8c.html" />
		<Unit filename="../app-template/oscar/documentation/html/dspl__target_8c_source.html" />
		<Unit filename="../app-template/oscar/documentation/html/dynsections.js" />
		<Unit filename="../app-template/oscar/documentation/html/error_8h_source.html" />
		<Unit filename="../app-template/oscar/documentation/html/files.html" />
		<Unit filename="../app-template/oscar/documentation/html/filters_8c.html" />
		<Unit filename="../app-template/oscar/documentation/html/filters_8c_source.html" />
		<Unit filename="../app-template/oscar/documentation/html/frd_8c.html" />
		<Unit filename="../app-template/oscar/documentation/html/frd_8c_source.html" />
		<Unit filename="../app-template/oscar/documentation/html/frd_8h.html" />
		<Unit filename="../app-template/oscar/documentation/html/frd_8h_source.html" />
		<Unit filename="../app-template/oscar/documentation/html/ftv2blank.png" />
		<Unit filename="../app-template/oscar/documentation/html/ftv2doc.png" />
		<Unit filename="../app-template/oscar/documentation/html/ftv2folderclosed.png" />
		<Unit filename="../app-template/oscar/documentation/html/ftv2folderopen.png" />
		<Unit filename="../app-template/oscar/documentation/html/ftv2lastnode.png" />
		<Unit filename="../app-template/oscar/documentation/html/ftv2link.png" />
		<Unit filename="../app-template/oscar/documentation/html/ftv2mlastnode.png" />
		<Unit filename="../app-template/oscar/documentation/html/ftv2mnode.png" />
		<Unit filename="../app-template/oscar/documentation/html/ftv2node.png" />
		<Unit filename="../app-template/oscar/documentation/html/ftv2plastnode.png" />
		<Unit filename="../app-template/oscar/documentation/html/ftv2pnode.png" />
		<Unit filename="../app-template/oscar/documentation/html/ftv2splitbar.png" />
		<Unit filename="../app-template/oscar/documentation/html/ftv2vertline.png" />
		<Unit filename="../app-template/oscar/documentation/html/functions.html" />
		<Unit filename="../app-template/oscar/documentation/html/functions_vars.html" />
		<Unit filename="../app-template/oscar/documentation/html/globals.html" />
		<Unit filename="../app-template/oscar/documentation/html/globals_a.html" />
		<Unit filename="../app-template/oscar/documentation/html/globals_b.html" />
		<Unit filename="../app-template/oscar/documentation/html/globals_c.html" />
		<Unit filename="../app-template/oscar/documentation/html/globals_d.html" />
		<Unit filename="../app-template/oscar/documentation/html/globals_defs.html" />
		<Unit filename="../app-template/oscar/documentation/html/globals_e.html" />
		<Unit filename="../app-template/oscar/documentation/html/globals_enum.html" />
		<Unit filename="../app-template/oscar/documentation/html/globals_eval.html" />
		<Unit filename="../app-template/oscar/documentation/html/globals_f.html" />
		<Unit filename="../app-template/oscar/documentation/html/globals_func.html" />
		<Unit filename="../app-template/oscar/documentation/html/globals_func_a.html" />
		<Unit filename="../app-template/oscar/documentation/html/globals_func_c.html" />
		<Unit filename="../app-template/oscar/documentation/html/globals_func_d.html" />
		<Unit filename="../app-template/oscar/documentation/html/globals_func_g.html" />
		<Unit filename="../app-template/oscar/documentation/html/globals_func_h.html" />
		<Unit filename="../app-template/oscar/documentation/html/globals_func_i.html" />
		<Unit filename="../app-template/oscar/documentation/html/globals_func_l.html" />
		<Unit filename="../app-template/oscar/documentation/html/globals_func_n.html" />
		<Unit filename="../app-template/oscar/documentation/html/globals_func_o.html" />
		<Unit filename="../app-template/oscar/documentation/html/globals_func_r.html" />
		<Unit filename="../app-template/oscar/documentation/html/globals_func_s.html" />
		<Unit filename="../app-template/oscar/documentation/html/globals_g.html" />
		<Unit filename="../app-template/oscar/documentation/html/globals_h.html" />
		<Unit filename="../app-template/oscar/documentation/html/globals_i.html" />
		<Unit filename="../app-template/oscar/documentation/html/globals_l.html" />
		<Unit filename="../app-template/oscar/documentation/html/globals_m.html" />
		<Unit filename="../app-template/oscar/documentation/html/globals_n.html" />
		<Unit filename="../app-template/oscar/documentation/html/globals_o.html" />
		<Unit filename="../app-template/oscar/documentation/html/globals_p.html" />
		<Unit filename="../app-template/oscar/documentation/html/globals_r.html" />
		<Unit filename="../app-template/oscar/documentation/html/globals_s.html" />
		<Unit filename="../app-template/oscar/documentation/html/globals_t.html" />
		<Unit filename="../app-template/oscar/documentation/html/globals_type.html" />
		<Unit filename="../app-template/oscar/documentation/html/globals_v.html" />
		<Unit filename="../app-template/oscar/documentation/html/globals_vars.html" />
		<Unit filename="../app-template/oscar/documentation/html/globals_w.html" />
		<Unit filename="../app-template/oscar/documentation/html/gpio_2gpio_8h.html" />
		<Unit filename="../app-template/oscar/documentation/html/gpio_2gpio_8h_source.html" />
		<Unit filename="../app-template/oscar/documentation/html/gpio__host_8c.html" />
		<Unit filename="../app-template/oscar/documentation/html/gpio__host_8c_source.html" />
		<Unit filename="../app-template/oscar/documentation/html/gpio__shared_8c.html" />
		<Unit filename="../app-template/oscar/documentation/html/gpio__shared_8c_source.html" />
		<Unit filename="../app-template/oscar/documentation/html/gpio__target_8c.html" />
		<Unit filename="../app-template/oscar/documentation/html/gpio__target_8c_source.html" />
		<Unit filename="../app-template/oscar/documentation/html/hsm_8c.html" />
		<Unit filename="../app-template/oscar/documentation/html/hsm_8c_source.html" />
		<Unit filename="../app-template/oscar/documentation/html/hsm_8h.html" />
		<Unit filename="../app-template/oscar/documentation/html/hsm_8h_source.html" />
		<Unit filename="../app-template/oscar/documentation/html/include_2bmp_8h.html" />
		<Unit filename="../app-template/oscar/documentation/html/include_2bmp_8h_source.html" />
		<Unit filename="../app-template/oscar/documentation/html/include_2cam_8h.html" />
		<Unit filename="../app-template/oscar/documentation/html/include_2cam_8h_source.html" />
		<Unit filename="../app-template/oscar/documentation/html/include_2cpld_8h.html" />
		<Unit filename="../app-template/oscar/documentation/html/include_2cpld_8h_source.html" />
		<Unit filename="../app-template/oscar/documentation/html/include_2dma_8h.html" />
		<Unit filename="../app-template/oscar/documentation/html/include_2dma_8h_source.html" />
		<Unit filename="../app-template/oscar/documentation/html/include_2dspl_8h.html" />
		<Unit filename="../app-template/oscar/documentation/html/include_2dspl_8h_source.html" />
		<Unit filename="../app-template/oscar/documentation/html/include_2gpio_8h.html" />
		<Unit filename="../app-template/oscar/documentation/html/include_2gpio_8h_source.html" />
		<Unit filename="../app-template/oscar/documentation/html/include_2ipc_8h.html" />
		<Unit filename="../app-template/oscar/documentation/html/include_2ipc_8h_source.html" />
		<Unit filename="../app-template/oscar/documentation/html/include_2jpg_8h.html" />
		<Unit filename="../app-template/oscar/documentation/html/include_2jpg_8h_source.html" />
		<Unit filename="../app-template/oscar/documentation/html/include_2log_8h.html" />
		<Unit filename="../app-template/oscar/documentation/html/include_2log_8h_source.html" />
		<Unit filename="../app-template/oscar/documentation/html/include_2oscar_8h.html" />
		<Unit filename="../app-template/oscar/documentation/html/include_2oscar_8h_source.html" />
		<Unit filename="../app-template/oscar/documentation/html/include_2sim_8h.html" />
		<Unit filename="../app-template/oscar/documentation/html/include_2sim_8h_source.html" />
		<Unit filename="../app-template/oscar/documentation/html/include_2srd_8h.html" />
		<Unit filename="../app-template/oscar/documentation/html/include_2srd_8h_source.html" />
		<Unit filename="../app-template/oscar/documentation/html/include_2sup_8h.html" />
		<Unit filename="../app-template/oscar/documentation/html/include_2sup_8h_source.html" />
		<Unit filename="../app-template/oscar/documentation/html/include_2vis_8h.html" />
		<Unit filename="../app-template/oscar/documentation/html/include_2vis_8h_source.html" />
		<Unit filename="../app-template/oscar/documentation/html/indXcam_8h_source.html" />
		<Unit filename="../app-template/oscar/documentation/html/index.html" />
		<Unit filename="../app-template/oscar/documentation/html/ipc_2ipc_8h.html" />
		<Unit filename="../app-template/oscar/documentation/html/ipc_2ipc_8h_source.html" />
		<Unit filename="../app-template/oscar/documentation/html/ipc__host_8c.html" />
		<Unit filename="../app-template/oscar/documentation/html/ipc__host_8c_source.html" />
		<Unit filename="../app-template/oscar/documentation/html/ipc__shared_8c.html" />
		<Unit filename="../app-template/oscar/documentation/html/ipc__shared_8c_source.html" />
		<Unit filename="../app-template/oscar/documentation/html/ipc__target_8c.html" />
		<Unit filename="../app-template/oscar/documentation/html/ipc__target_8c_source.html" />
		<Unit filename="../app-template/oscar/documentation/html/jpg_2jpg_8h.html" />
		<Unit filename="../app-template/oscar/documentation/html/jpg_2jpg_8h_source.html" />
		<Unit filename="../app-template/oscar/documentation/html/jpg_8c_source.html" />
		<Unit filename="../app-template/oscar/documentation/html/jpg__dct_8c_source.html" />
		<Unit filename="../app-template/oscar/documentation/html/jpg__encoder_8c_source.html" />
		<Unit filename="../app-template/oscar/documentation/html/jpg__huffdata_8h_source.html" />
		<Unit filename="../app-template/oscar/documentation/html/jpg__huffman_8c_source.html" />
		<Unit filename="../app-template/oscar/documentation/html/jpg__markdata_8h_source.html" />
		<Unit filename="../app-template/oscar/documentation/html/jpg__marker_8c_source.html" />
		<Unit filename="../app-template/oscar/documentation/html/jpg__quant_8c_source.html" />
		<Unit filename="../app-template/oscar/documentation/html/jpg__quantdata_8h_source.html" />
		<Unit filename="../app-template/oscar/documentation/html/jpg__readYUV_8c_source.html" />
		<Unit filename="../app-template/oscar/documentation/html/leanXcam_8h_source.html" />
		<Unit filename="../app-template/oscar/documentation/html/leanXradio_8h_source.html" />
		<Unit filename="../app-template/oscar/documentation/html/list_8h_source.html" />
		<Unit filename="../app-template/oscar/documentation/html/log_2log_8h.html" />
		<Unit filename="../app-template/oscar/documentation/html/log_2log_8h_source.html" />
		<Unit filename="../app-template/oscar/documentation/html/log__host_8c.html" />
		<Unit filename="../app-template/oscar/documentation/html/log__host_8c_source.html" />
		<Unit filename="../app-template/oscar/documentation/html/log__target_8c.html" />
		<Unit filename="../app-template/oscar/documentation/html/log__target_8c_source.html" />
		<Unit filename="../app-template/oscar/documentation/html/morphology_8c.html" />
		<Unit filename="../app-template/oscar/documentation/html/morphology_8c_source.html" />
		<Unit filename="../app-template/oscar/documentation/html/mt9v032_8h.html" />
		<Unit filename="../app-template/oscar/documentation/html/mt9v032_8h_source.html" />
		<Unit filename="../app-template/oscar/documentation/html/nav_f.png" />
		<Unit filename="../app-template/oscar/documentation/html/nav_g.png" />
		<Unit filename="../app-template/oscar/documentation/html/nav_h.png" />
		<Unit filename="../app-template/oscar/documentation/html/nih_8h.html" />
		<Unit filename="../app-template/oscar/documentation/html/nih_8h_source.html" />
		<Unit filename="../app-template/oscar/documentation/html/open.png" />
		<Unit filename="../app-template/oscar/documentation/html/oscar_8c.html" />
		<Unit filename="../app-template/oscar/documentation/html/oscar_8c_source.html" />
		<Unit filename="../app-template/oscar/documentation/html/oscar_8h.html" />
		<Unit filename="../app-template/oscar/documentation/html/oscar_8h_source.html" />
		<Unit filename="../app-template/oscar/documentation/html/pool_8h_source.html" />
		<Unit filename="../app-template/oscar/documentation/html/raspi-cam_8h_source.html" />
		<Unit filename="../app-template/oscar/documentation/html/scs-logo.png" />
		<Unit filename="../app-template/oscar/documentation/html/segmentation_8c.html" />
		<Unit filename="../app-template/oscar/documentation/html/segmentation_8c_source.html" />
		<Unit filename="../app-template/oscar/documentation/html/sim_2sim_8h.html" />
		<Unit filename="../app-template/oscar/documentation/html/sim_2sim_8h_source.html" />
		<Unit filename="../app-template/oscar/documentation/html/sim__host_8c.html" />
		<Unit filename="../app-template/oscar/documentation/html/sim__host_8c_source.html" />
		<Unit filename="../app-template/oscar/documentation/html/sim__target_8c.html" />
		<Unit filename="../app-template/oscar/documentation/html/sim__target_8c_source.html" />
		<Unit filename="../app-template/oscar/documentation/html/srd_2srd_8h.html" />
		<Unit filename="../app-template/oscar/documentation/html/srd_2srd_8h_source.html" />
		<Unit filename="../app-template/oscar/documentation/html/srd__host_8c.html" />
		<Unit filename="../app-template/oscar/documentation/html/srd__host_8c_source.html" />
		<Unit filename="../app-template/oscar/documentation/html/srd__target_8c.html" />
		<Unit filename="../app-template/oscar/documentation/html/srd__target_8c_source.html" />
		<Unit filename="../app-template/oscar/documentation/html/structCAM__REGISTER.html" />
		<Unit filename="../app-template/oscar/documentation/html/structCFG__FILE__CONTENT.html" />
		<Unit filename="../app-template/oscar/documentation/html/structCFG__KEY.html" />
		<Unit filename="../app-template/oscar/documentation/html/structCFG__VAL__STR.html" />
		<Unit filename="../app-template/oscar/documentation/html/structDMA__CHAIN.html" />
		<Unit filename="../app-template/oscar/documentation/html/structDMA__DESC.html" />
		<Unit filename="../app-template/oscar/documentation/html/structFsm.html" />
		<Unit filename="../app-template/oscar/documentation/html/structGPIO__PIN.html" />
		<Unit filename="../app-template/oscar/documentation/html/structGPIO__PIN__CONFIG.html" />
		<Unit filename="../app-template/oscar/documentation/html/structHsm.html" />
		<Unit filename="../app-template/oscar/documentation/html/structIMGDATA.html" />
		<Unit filename="../app-template/oscar/documentation/html/structJPEG__ENCODER__STRUCTURE.html" />
		<Unit filename="../app-template/oscar/documentation/html/structMsg.html" />
		<Unit filename="../app-template/oscar/documentation/html/structOSC__CAM.html" />
		<Unit filename="../app-template/oscar/documentation/html/structOSC__CAM__MULTIBUFFER.html" />
		<Unit filename="../app-template/oscar/documentation/html/structOSC__CFG.html" />
		<Unit filename="../app-template/oscar/documentation/html/structOSC__CPLD.html" />
		<Unit filename="../app-template/oscar/documentation/html/structOSC__DMA.html" />
		<Unit filename="../app-template/oscar/documentation/html/structOSC__DSPL.html" />
		<Unit filename="../app-template/oscar/documentation/html/structOSC__FRD.html" />
		<Unit filename="../app-template/oscar/documentation/html/structOSC__FRD__CONSTANT__READER.html" />
		<Unit filename="../app-template/oscar/documentation/html/structOSC__FRD__FILELIST__READER.html" />
		<Unit filename="../app-template/oscar/documentation/html/structOSC__FRD__READER.html" />
		<Unit filename="../app-template/oscar/documentation/html/structOSC__FRD__SEQUENCE__READER.html" />
		<Unit filename="../app-template/oscar/documentation/html/structOSC__GPIO.html" />
		<Unit filename="../app-template/oscar/documentation/html/structOSC__IPC.html" />
		<Unit filename="../app-template/oscar/documentation/html/structOSC__IPC__CHANNEL.html" />
		<Unit filename="../app-template/oscar/documentation/html/structOSC__IPC__MSG.html" />
		<Unit filename="../app-template/oscar/documentation/html/structOSC__IPC__PARAM__MEMORY.html" />
		<Unit filename="../app-template/oscar/documentation/html/structOSC__IPC__REQUEST.html" />
		<Unit filename="../app-template/oscar/documentation/html/structOSC__LOG.html" />
		<Unit filename="../app-template/oscar/documentation/html/structOSC__PICTURE.html" />
		<Unit filename="../app-template/oscar/documentation/html/structOSC__SIM__OBJ.html" />
		<Unit filename="../app-template/oscar/documentation/html/structOSC__SRD.html" />
		<Unit filename="../app-template/oscar/documentation/html/structOSC__SRD__READER.html" />
		<Unit filename="../app-template/oscar/documentation/html/structOSC__SRD__SIGNAL.html" />
		<Unit filename="../app-template/oscar/documentation/html/structOSC__SUP.html" />
		<Unit filename="../app-template/oscar/documentation/html/structOSC__SWR.html" />
		<Unit filename="../app-template/oscar/documentation/html/structOSC__SWR__SIGNAL.html" />
		<Unit filename="../app-template/oscar/documentation/html/structOSC__SWR__WRITER.html" />
		<Unit filename="../app-template/oscar/documentation/html/structOSC__VIS__FILTER__KERNEL.html" />
		<Unit filename="../app-template/oscar/documentation/html/structOSC__VIS__REGIONS.html" />
		<Unit filename="../app-template/oscar/documentation/html/structOSC__VIS__REGIONS__OBJECT.html" />
		<Unit filename="../app-template/oscar/documentation/html/structOSC__VIS__REGIONS__RUN.html" />
		<Unit filename="../app-template/oscar/documentation/html/structOSC__VIS__STREL.html" />
		<Unit filename="../app-template/oscar/documentation/html/structOSC__VIS__SUBSTREL.html" />
		<Unit filename="../app-template/oscar/documentation/html/structOscCfgVersion.html" />
		<Unit filename="../app-template/oscar/documentation/html/structOscModule.html" />
		<Unit filename="../app-template/oscar/documentation/html/structOscSystemInfo.html" />
		<Unit filename="../app-template/oscar/documentation/html/structState.html" />
		<Unit filename="../app-template/oscar/documentation/html/structcapture__param.html" />
		<Unit filename="../app-template/oscar/documentation/html/structcapture__window.html" />
		<Unit filename="../app-template/oscar/documentation/html/structcomplex__fract16.html" />
		<Unit filename="../app-template/oscar/documentation/html/structframe__buffer.html" />
		<Unit filename="../app-template/oscar/documentation/html/structimage__info.html" />
		<Unit filename="../app-template/oscar/documentation/html/structreg__info.html" />
		<Unit filename="../app-template/oscar/documentation/html/structsync__param.html" />
		<Unit filename="../app-template/oscar/documentation/html/sup_2sup_8h.html" />
		<Unit filename="../app-template/oscar/documentation/html/sup_2sup_8h_source.html" />
		<Unit filename="../app-template/oscar/documentation/html/sup__host_8c.html" />
		<Unit filename="../app-template/oscar/documentation/html/sup__host_8c_source.html" />
		<Unit filename="../app-template/oscar/documentation/html/sup__target_8c.html" />
		<Unit filename="../app-template/oscar/documentation/html/sup__target_8c_source.html" />
		<Unit filename="../app-template/oscar/documentation/html/support_8h_source.html" />
		<Unit filename="../app-template/oscar/documentation/html/swr_8c.html" />
		<Unit filename="../app-template/oscar/documentation/html/swr_8c_source.html" />
		<Unit filename="../app-template/oscar/documentation/html/swr_8h.html" />
		<Unit filename="../app-template/oscar/documentation/html/swr_8h_source.html" />
		<Unit filename="../app-template/oscar/documentation/html/sync_off.png" />
		<Unit filename="../app-template/oscar/documentation/html/sync_on.png" />
		<Unit filename="../app-template/oscar/documentation/html/tab_a.png" />
		<Unit filename="../app-template/oscar/documentation/html/tab_b.png" />
		<Unit filename="../app-template/oscar/documentation/html/tab_h.png" />
		<Unit filename="../app-template/oscar/documentation/html/tab_s.png" />
		<Unit filename="../app-template/oscar/documentation/html/tabs.css" />
		<Unit filename="../app-template/oscar/documentation/html/test_8c_source.html" />
		<Unit filename="../app-template/oscar/documentation/html/transform_8c.html" />
		<Unit filename="../app-template/oscar/documentation/html/transform_8c_source.html" />
		<Unit filename="../app-template/oscar/documentation/html/unionOSC__FRD__READER_1_1OSC__FRD__READER__DATA.html" />
		<Unit filename="../app-template/oscar/documentation/html/unionuOSC__SWR__VALUE.html" />
		<Unit filename="../app-template/oscar/documentation/html/vector__debayer__grey__target_8c_source.html" />
		<Unit filename="../app-template/oscar/documentation/html/version_8h.html" />
		<Unit filename="../app-template/oscar/documentation/html/version_8h_source.html" />
		<Unit filename="../app-template/oscar/documentation/html/vis_2vis_8h.html" />
		<Unit filename="../app-template/oscar/documentation/html/vis_2vis_8h_source.html" />
		<Unit filename="../app-template/oscar/documentation/html/vis_8c.html" />
		<Unit filename="../app-template/oscar/documentation/html/vis_8c_source.html" />
		<Unit filename="../app-template/oscar/documentation/images/camera-title.png" />
		<Unit filename="../app-template/oscar/documentation/images/scs-logo.png" />
		<Unit filename="../app-template/oscar/documentation/oscar.doxygen" />
		<Unit filename="../app-template/oscar/dspl/Makefile" />
		<Unit filename="../app-template/oscar/dspl/build/dspl_host_host.d" />
		<Unit filename="../app-template/oscar/dspl/build/dspl_host_host.o" />
		<Unit filename="../app-template/oscar/dspl/build/dspl_host_host_dbg.d" />
		<Unit filename="../app-template/oscar/dspl/build/dspl_host_host_dbg.o" />
		<Unit filename="../app-template/oscar/dspl/build/dspl_target_target.d" />
		<Unit filename="../app-template/oscar/dspl/build/dspl_target_target.o" />
		<Unit filename="../app-template/oscar/dspl/build/dspl_target_target_dbg.d" />
		<Unit filename="../app-template/oscar/dspl/build/dspl_target_target_dbg.o" />
		<Unit filename="../app-template/oscar/dspl/build/dspl_target_target_sim.d" />
		<Unit filename="../app-template/oscar/dspl/build/dspl_target_target_sim.o" />
		<Unit filename="../app-template/oscar/dspl/build/dspl_target_target_sim_dbg.d" />
		<Unit filename="../app-template/oscar/dspl/build/dspl_target_target_sim_dbg.o" />
		<Unit filename="../app-template/oscar/dspl/dspl.h" />
		<Unit filename="../app-template/oscar/dspl/dspl_host.c">
			<Option compilerVar="CC" />
		</Unit>
		<Unit filename="../app-template/oscar/dspl/dspl_target.c">
			<Option compilerVar="CC" />
		</Unit>
		<Unit filename="../app-template/oscar/framework-test/Makefile" />
		<Unit filename="../app-template/oscar/framework-test/cam.frdconf" />
		<Unit filename="../app-template/oscar/framework-test/cgitest.c">
			<Option compilerVar="CC" />
		</Unit>
		<Unit filename="../app-template/oscar/framework-test/gdb.sh" />
		<Unit filename="../app-template/oscar/framework-test/in.gpio.txt" />
		<Unit filename="../app-template/oscar/framework-test/test.c">
			<Option compilerVar="CC" />
		</Unit>
		<Unit filename="../app-template/oscar/framework-test/test_grey_in.bmp" />
		<Unit filename="../app-template/oscar/framework-test/test_rgb_in.bmp" />
		<Unit filename="../app-template/oscar/frd/Makefile" />
		<Unit filename="../app-template/oscar/frd/build/frd_host.d" />
		<Unit filename="../app-template/oscar/frd/build/frd_host.o" />
		<Unit filename="../app-template/oscar/frd/build/frd_host_dbg.d" />
		<Unit filename="../app-template/oscar/frd/build/frd_host_dbg.o" />
		<Unit filename="../app-template/oscar/frd/build/frd_target.d" />
		<Unit filename="../app-template/oscar/frd/build/frd_target.o" />
		<Unit filename="../app-template/oscar/frd/build/frd_target_dbg.d" />
		<Unit filename="../app-template/oscar/frd/build/frd_target_dbg.o" />
		<Unit filename="../app-template/oscar/frd/build/frd_target_sim.d" />
		<Unit filename="../app-template/oscar/frd/build/frd_target_sim.o" />
		<Unit filename="../app-template/oscar/frd/build/frd_target_sim_dbg.d" />
		<Unit filename="../app-template/oscar/frd/build/frd_target_sim_dbg.o" />
		<Unit filename="../app-template/oscar/frd/frd.c">
			<Option compilerVar="CC" />
		</Unit>
		<Unit filename="../app-template/oscar/gpio/Makefile" />
		<Unit filename="../app-template/oscar/gpio/Makefile.local" />
		<Unit filename="../app-template/oscar/gpio/build/gpio_host_host.d" />
		<Unit filename="../app-template/oscar/gpio/build/gpio_host_host.o" />
		<Unit filename="../app-template/oscar/gpio/build/gpio_host_host_dbg.d" />
		<Unit filename="../app-template/oscar/gpio/build/gpio_host_host_dbg.o" />
		<Unit filename="../app-template/oscar/gpio/build/gpio_host_target_sim.d" />
		<Unit filename="../app-template/oscar/gpio/build/gpio_host_target_sim.o" />
		<Unit filename="../app-template/oscar/gpio/build/gpio_host_target_sim_dbg.d" />
		<Unit filename="../app-template/oscar/gpio/build/gpio_host_target_sim_dbg.o" />
		<Unit filename="../app-template/oscar/gpio/build/gpio_shared_host.d" />
		<Unit filename="../app-template/oscar/gpio/build/gpio_shared_host.o" />
		<Unit filename="../app-template/oscar/gpio/build/gpio_shared_host_dbg.d" />
		<Unit filename="../app-template/oscar/gpio/build/gpio_shared_host_dbg.o" />
		<Unit filename="../app-template/oscar/gpio/build/gpio_shared_target.d" />
		<Unit filename="../app-template/oscar/gpio/build/gpio_shared_target.o" />
		<Unit filename="../app-template/oscar/gpio/build/gpio_shared_target_dbg.d" />
		<Unit filename="../app-template/oscar/gpio/build/gpio_shared_target_dbg.o" />
		<Unit filename="../app-template/oscar/gpio/build/gpio_shared_target_sim.d" />
		<Unit filename="../app-template/oscar/gpio/build/gpio_shared_target_sim.o" />
		<Unit filename="../app-template/oscar/gpio/build/gpio_shared_target_sim_dbg.d" />
		<Unit filename="../app-template/oscar/gpio/build/gpio_shared_target_sim_dbg.o" />
		<Unit filename="../app-template/oscar/gpio/build/gpio_target_target.d" />
		<Unit filename="../app-template/oscar/gpio/build/gpio_target_target.o" />
		<Unit filename="../app-template/oscar/gpio/build/gpio_target_target_dbg.d" />
		<Unit filename="../app-template/oscar/gpio/build/gpio_target_target_dbg.o" />
		<Unit filename="../app-template/oscar/gpio/gpio.h" />
		<Unit filename="../app-template/oscar/gpio/gpio_host.c">
			<Option compilerVar="CC" />
		</Unit>
		<Unit filename="../app-template/oscar/gpio/gpio_shared.c">
			<Option compilerVar="CC" />
		</Unit>
		<Unit filename="../app-template/oscar/gpio/gpio_target.c">
			<Option compilerVar="CC" />
		</Unit>
		<Unit filename="../app-template/oscar/hsm/Makefile" />
		<Unit filename="../app-template/oscar/hsm/build/hsm_host.d" />
		<Unit filename="../app-template/oscar/hsm/build/hsm_host.o" />
		<Unit filename="../app-template/oscar/hsm/build/hsm_host_dbg.d" />
		<Unit filename="../app-template/oscar/hsm/build/hsm_host_dbg.o" />
		<Unit filename="../app-template/oscar/hsm/build/hsm_target.d" />
		<Unit filename="../app-template/oscar/hsm/build/hsm_target.o" />
		<Unit filename="../app-template/oscar/hsm/build/hsm_target_dbg.d" />
		<Unit filename="../app-template/oscar/hsm/build/hsm_target_dbg.o" />
		<Unit filename="../app-template/oscar/hsm/build/hsm_target_sim.d" />
		<Unit filename="../app-template/oscar/hsm/build/hsm_target_sim.o" />
		<Unit filename="../app-template/oscar/hsm/build/hsm_target_sim_dbg.d" />
		<Unit filename="../app-template/oscar/hsm/build/hsm_target_sim_dbg.o" />
		<Unit filename="../app-template/oscar/hsm/hsm.c">
			<Option compilerVar="CC" />
		</Unit>
		<Unit filename="../app-template/oscar/include/bmp.h" />
		<Unit filename="../app-template/oscar/include/board.h" />
		<Unit filename="../app-template/oscar/include/cam.h" />
		<Unit filename="../app-template/oscar/include/cfg.h" />
		<Unit filename="../app-template/oscar/include/clb.h" />
		<Unit filename="../app-template/oscar/include/cpld.h" />
		<Unit filename="../app-template/oscar/include/dma.h" />
		<Unit filename="../app-template/oscar/include/dspl.h" />
		<Unit filename="../app-template/oscar/include/error.h" />
		<Unit filename="../app-template/oscar/include/frd.h" />
		<Unit filename="../app-template/oscar/include/gpio.h" />
		<Unit filename="../app-template/oscar/include/hsm.h" />
		<Unit filename="../app-template/oscar/include/ipc.h" />
		<Unit filename="../app-template/oscar/include/jpg.h" />
		<Unit filename="../app-template/oscar/include/list.h" />
		<Unit filename="../app-template/oscar/include/log.h" />
		<Unit filename="../app-template/oscar/include/nih.h" />
		<Unit filename="../app-template/oscar/include/oscar.h" />
		<Unit filename="../app-template/oscar/include/pool.h" />
		<Unit filename="../app-template/oscar/include/sim.h" />
		<Unit filename="../app-template/oscar/include/srd.h" />
		<Unit filename="../app-template/oscar/include/sup.h" />
		<Unit filename="../app-template/oscar/include/support.h" />
		<Unit filename="../app-template/oscar/include/swr.h" />
		<Unit filename="../app-template/oscar/include/version.h" />
		<Unit filename="../app-template/oscar/include/vis.h" />
		<Unit filename="../app-template/oscar/ipc/Makefile" />
		<Unit filename="../app-template/oscar/ipc/build/ipc_host_host.d" />
		<Unit filename="../app-template/oscar/ipc/build/ipc_host_host.o" />
		<Unit filename="../app-template/oscar/ipc/build/ipc_host_host_dbg.d" />
		<Unit filename="../app-template/oscar/ipc/build/ipc_host_host_dbg.o" />
		<Unit filename="../app-template/oscar/ipc/build/ipc_shared_host.d" />
		<Unit filename="../app-template/oscar/ipc/build/ipc_shared_host.o" />
		<Unit filename="../app-template/oscar/ipc/build/ipc_shared_host_dbg.d" />
		<Unit filename="../app-template/oscar/ipc/build/ipc_shared_host_dbg.o" />
		<Unit filename="../app-template/oscar/ipc/build/ipc_shared_target.d" />
		<Unit filename="../app-template/oscar/ipc/build/ipc_shared_target.o" />
		<Unit filename="../app-template/oscar/ipc/build/ipc_shared_target_dbg.d" />
		<Unit filename="../app-template/oscar/ipc/build/ipc_shared_target_dbg.o" />
		<Unit filename="../app-template/oscar/ipc/build/ipc_shared_target_sim.d" />
		<Unit filename="../app-template/oscar/ipc/build/ipc_shared_target_sim.o" />
		<Unit filename="../app-template/oscar/ipc/build/ipc_shared_target_sim_dbg.d" />
		<Unit filename="../app-template/oscar/ipc/build/ipc_shared_target_sim_dbg.o" />
		<Unit filename="../app-template/oscar/ipc/build/ipc_target_target.d" />
		<Unit filename="../app-template/oscar/ipc/build/ipc_target_target.o" />
		<Unit filename="../app-template/oscar/ipc/build/ipc_target_target_dbg.d" />
		<Unit filename="../app-template/oscar/ipc/build/ipc_target_target_dbg.o" />
		<Unit filename="../app-template/oscar/ipc/build/ipc_target_target_sim.d" />
		<Unit filename="../app-template/oscar/ipc/build/ipc_target_target_sim.o" />
		<Unit filename="../app-template/oscar/ipc/build/ipc_target_target_sim_dbg.d" />
		<Unit filename="../app-template/oscar/ipc/build/ipc_target_target_sim_dbg.o" />
		<Unit filename="../app-template/oscar/ipc/ipc.h" />
		<Unit filename="../app-template/oscar/ipc/ipc_host.c">
			<Option compilerVar="CC" />
		</Unit>
		<Unit filename="../app-template/oscar/ipc/ipc_shared.c">
			<Option compilerVar="CC" />
		</Unit>
		<Unit filename="../app-template/oscar/ipc/ipc_target.c">
			<Option compilerVar="CC" />
		</Unit>
		<Unit filename="../app-template/oscar/jpg/Makefile" />
		<Unit filename="../app-template/oscar/jpg/build/jpg_dct_host.d" />
		<Unit filename="../app-template/oscar/jpg/build/jpg_dct_host.o" />
		<Unit filename="../app-template/oscar/jpg/build/jpg_dct_host_dbg.d" />
		<Unit filename="../app-template/oscar/jpg/build/jpg_dct_host_dbg.o" />
		<Unit filename="../app-template/oscar/jpg/build/jpg_dct_target.d" />
		<Unit filename="../app-template/oscar/jpg/build/jpg_dct_target.o" />
		<Unit filename="../app-template/oscar/jpg/build/jpg_dct_target_dbg.d" />
		<Unit filename="../app-template/oscar/jpg/build/jpg_dct_target_dbg.o" />
		<Unit filename="../app-template/oscar/jpg/build/jpg_dct_target_sim.d" />
		<Unit filename="../app-template/oscar/jpg/build/jpg_dct_target_sim.o" />
		<Unit filename="../app-template/oscar/jpg/build/jpg_dct_target_sim_dbg.d" />
		<Unit filename="../app-template/oscar/jpg/build/jpg_dct_target_sim_dbg.o" />
		<Unit filename="../app-template/oscar/jpg/build/jpg_encoder_host.d" />
		<Unit filename="../app-template/oscar/jpg/build/jpg_encoder_host.o" />
		<Unit filename="../app-template/oscar/jpg/build/jpg_encoder_host_dbg.d" />
		<Unit filename="../app-template/oscar/jpg/build/jpg_encoder_host_dbg.o" />
		<Unit filename="../app-template/oscar/jpg/build/jpg_encoder_target.d" />
		<Unit filename="../app-template/oscar/jpg/build/jpg_encoder_target.o" />
		<Unit filename="../app-template/oscar/jpg/build/jpg_encoder_target_dbg.d" />
		<Unit filename="../app-template/oscar/jpg/build/jpg_encoder_target_dbg.o" />
		<Unit filename="../app-template/oscar/jpg/build/jpg_encoder_target_sim.d" />
		<Unit filename="../app-template/oscar/jpg/build/jpg_encoder_target_sim.o" />
		<Unit filename="../app-template/oscar/jpg/build/jpg_encoder_target_sim_dbg.d" />
		<Unit filename="../app-template/oscar/jpg/build/jpg_encoder_target_sim_dbg.o" />
		<Unit filename="../app-template/oscar/jpg/build/jpg_host.d" />
		<Unit filename="../app-template/oscar/jpg/build/jpg_host.o" />
		<Unit filename="../app-template/oscar/jpg/build/jpg_host_dbg.d" />
		<Unit filename="../app-template/oscar/jpg/build/jpg_host_dbg.o" />
		<Unit filename="../app-template/oscar/jpg/build/jpg_huffman_host.d" />
		<Unit filename="../app-template/oscar/jpg/build/jpg_huffman_host.o" />
		<Unit filename="../app-template/oscar/jpg/build/jpg_huffman_host_dbg.d" />
		<Unit filename="../app-template/oscar/jpg/build/jpg_huffman_host_dbg.o" />
		<Unit filename="../app-template/oscar/jpg/build/jpg_huffman_target.d" />
		<Unit filename="../app-template/oscar/jpg/build/jpg_huffman_target.o" />
		<Unit filename="../app-template/oscar/jpg/build/jpg_huffman_target_dbg.d" />
		<Unit filename="../app-template/oscar/jpg/build/jpg_huffman_target_dbg.o" />
		<Unit filename="../app-template/oscar/jpg/build/jpg_huffman_target_sim.d" />
		<Unit filename="../app-template/oscar/jpg/build/jpg_huffman_target_sim.o" />
		<Unit filename="../app-template/oscar/jpg/build/jpg_huffman_target_sim_dbg.d" />
		<Unit filename="../app-template/oscar/jpg/build/jpg_huffman_target_sim_dbg.o" />
		<Unit filename="../app-template/oscar/jpg/build/jpg_marker_host.d" />
		<Unit filename="../app-template/oscar/jpg/build/jpg_marker_host.o" />
		<Unit filename="../app-template/oscar/jpg/build/jpg_marker_host_dbg.d" />
		<Unit filename="../app-template/oscar/jpg/build/jpg_marker_host_dbg.o" />
		<Unit filename="../app-template/oscar/jpg/build/jpg_marker_target.d" />
		<Unit filename="../app-template/oscar/jpg/build/jpg_marker_target.o" />
		<Unit filename="../app-template/oscar/jpg/build/jpg_marker_target_dbg.d" />
		<Unit filename="../app-template/oscar/jpg/build/jpg_marker_target_dbg.o" />
		<Unit filename="../app-template/oscar/jpg/build/jpg_marker_target_sim.d" />
		<Unit filename="../app-template/oscar/jpg/build/jpg_marker_target_sim.o" />
		<Unit filename="../app-template/oscar/jpg/build/jpg_marker_target_sim_dbg.d" />
		<Unit filename="../app-template/oscar/jpg/build/jpg_marker_target_sim_dbg.o" />
		<Unit filename="../app-template/oscar/jpg/build/jpg_quant_host.d" />
		<Unit filename="../app-template/oscar/jpg/build/jpg_quant_host.o" />
		<Unit filename="../app-template/oscar/jpg/build/jpg_quant_host_dbg.d" />
		<Unit filename="../app-template/oscar/jpg/build/jpg_quant_host_dbg.o" />
		<Unit filename="../app-template/oscar/jpg/build/jpg_quant_target.d" />
		<Unit filename="../app-template/oscar/jpg/build/jpg_quant_target.o" />
		<Unit filename="../app-template/oscar/jpg/build/jpg_quant_target_dbg.d" />
		<Unit filename="../app-template/oscar/jpg/build/jpg_quant_target_dbg.o" />
		<Unit filename="../app-template/oscar/jpg/build/jpg_quant_target_sim.d" />
		<Unit filename="../app-template/oscar/jpg/build/jpg_quant_target_sim.o" />
		<Unit filename="../app-template/oscar/jpg/build/jpg_quant_target_sim_dbg.d" />
		<Unit filename="../app-template/oscar/jpg/build/jpg_quant_target_sim_dbg.o" />
		<Unit filename="../app-template/oscar/jpg/build/jpg_readYUV_host.d" />
		<Unit filename="../app-template/oscar/jpg/build/jpg_readYUV_host.o" />
		<Unit filename="../app-template/oscar/jpg/build/jpg_readYUV_host_dbg.d" />
		<Unit filename="../app-template/oscar/jpg/build/jpg_readYUV_host_dbg.o" />
		<Unit filename="../app-template/oscar/jpg/build/jpg_readYUV_target.d" />
		<Unit filename="../app-template/oscar/jpg/build/jpg_readYUV_target.o" />
		<Unit filename="../app-template/oscar/jpg/build/jpg_readYUV_target_dbg.d" />
		<Unit filename="../app-template/oscar/jpg/build/jpg_readYUV_target_dbg.o" />
		<Unit filename="../app-template/oscar/jpg/build/jpg_readYUV_target_sim.d" />
		<Unit filename="../app-template/oscar/jpg/build/jpg_readYUV_target_sim.o" />
		<Unit filename="../app-template/oscar/jpg/build/jpg_readYUV_target_sim_dbg.d" />
		<Unit filename="../app-template/oscar/jpg/build/jpg_readYUV_target_sim_dbg.o" />
		<Unit filename="../app-template/oscar/jpg/build/jpg_target.d" />
		<Unit filename="../app-template/oscar/jpg/build/jpg_target.o" />
		<Unit filename="../app-template/oscar/jpg/build/jpg_target_dbg.d" />
		<Unit filename="../app-template/oscar/jpg/build/jpg_target_dbg.o" />
		<Unit filename="../app-template/oscar/jpg/build/jpg_target_sim.d" />
		<Unit filename="../app-template/oscar/jpg/build/jpg_target_sim.o" />
		<Unit filename="../app-template/oscar/jpg/build/jpg_target_sim_dbg.d" />
		<Unit filename="../app-template/oscar/jpg/build/jpg_target_sim_dbg.o" />
		<Unit filename="../app-template/oscar/jpg/jpg.c">
			<Option compilerVar="CC" />
		</Unit>
		<Unit filename="../app-template/oscar/jpg/jpg.h" />
		<Unit filename="../app-template/oscar/jpg/jpg_dct.c">
			<Option compilerVar="CC" />
		</Unit>
		<Unit filename="../app-template/oscar/jpg/jpg_encoder.c">
			<Option compilerVar="CC" />
		</Unit>
		<Unit filename="../app-template/oscar/jpg/jpg_huffdata.h" />
		<Unit filename="../app-template/oscar/jpg/jpg_huffman.c">
			<Option compilerVar="CC" />
		</Unit>
		<Unit filename="../app-template/oscar/jpg/jpg_markdata.h" />
		<Unit filename="../app-template/oscar/jpg/jpg_marker.c">
			<Option compilerVar="CC" />
		</Unit>
		<Unit filename="../app-template/oscar/jpg/jpg_quant.c">
			<Option compilerVar="CC" />
		</Unit>
		<Unit filename="../app-template/oscar/jpg/jpg_quantdata.h" />
		<Unit filename="../app-template/oscar/jpg/jpg_readYUV.c">
			<Option compilerVar="CC" />
		</Unit>
		<Unit filename="../app-template/oscar/library/libosc_host.a" />
		<Unit filename="../app-template/oscar/library/libosc_host_dbg.a" />
		<Unit filename="../app-template/oscar/library/libosc_target.a" />
		<Unit filename="../app-template/oscar/library/libosc_target_dbg.a" />
		<Unit filename="../app-template/oscar/library/libosc_target_sim.a" />
		<Unit filename="../app-template/oscar/library/libosc_target_sim_dbg.a" />
		<Unit filename="../app-template/oscar/log/Makefile" />
		<Unit filename="../app-template/oscar/log/build/log_host_host.d" />
		<Unit filename="../app-template/oscar/log/build/log_host_host.o" />
		<Unit filename="../app-template/oscar/log/build/log_host_host_dbg.d" />
		<Unit filename="../app-template/oscar/log/build/log_host_host_dbg.o" />
		<Unit filename="../app-template/oscar/log/build/log_target_target.d" />
		<Unit filename="../app-template/oscar/log/build/log_target_target.o" />
		<Unit filename="../app-template/oscar/log/build/log_target_target_dbg.d" />
		<Unit filename="../app-template/oscar/log/build/log_target_target_dbg.o" />
		<Unit filename="../app-template/oscar/log/build/log_target_target_sim.d" />
		<Unit filename="../app-template/oscar/log/build/log_target_target_sim.o" />
		<Unit filename="../app-template/oscar/log/build/log_target_target_sim_dbg.d" />
		<Unit filename="../app-template/oscar/log/build/log_target_target_sim_dbg.o" />
		<Unit filename="../app-template/oscar/log/log.h" />
		<Unit filename="../app-template/oscar/log/log_host.c">
			<Option compilerVar="CC" />
		</Unit>
		<Unit filename="../app-template/oscar/log/log_target.c">
			<Option compilerVar="CC" />
		</Unit>
		<Unit filename="../app-template/oscar/oscar.c">
			<Option compilerVar="CC" />
		</Unit>
		<Unit filename="../app-template/oscar/oscar.h" />
		<Unit filename="../app-template/oscar/sim/Makefile" />
		<Unit filename="../app-template/oscar/sim/Makefile.local" />
		<Unit filename="../app-template/oscar/sim/build/sim_host_host.d" />
		<Unit filename="../app-template/oscar/sim/build/sim_host_host.o" />
		<Unit filename="../app-template/oscar/sim/build/sim_host_host_dbg.d" />
		<Unit filename="../app-template/oscar/sim/build/sim_host_host_dbg.o" />
		<Unit filename="../app-template/oscar/sim/build/sim_host_target_sim.d" />
		<Unit filename="../app-template/oscar/sim/build/sim_host_target_sim.o" />
		<Unit filename="../app-template/oscar/sim/build/sim_host_target_sim_dbg.d" />
		<Unit filename="../app-template/oscar/sim/build/sim_host_target_sim_dbg.o" />
		<Unit filename="../app-template/oscar/sim/build/sim_target_target.d" />
		<Unit filename="../app-template/oscar/sim/build/sim_target_target.o" />
		<Unit filename="../app-template/oscar/sim/build/sim_target_target_dbg.d" />
		<Unit filename="../app-template/oscar/sim/build/sim_target_target_dbg.o" />
		<Unit filename="../app-template/oscar/sim/sim.h" />
		<Unit filename="../app-template/oscar/sim/sim_host.c">
			<Option compilerVar="CC" />
		</Unit>
		<Unit filename="../app-template/oscar/sim/sim_target.c">
			<Option compilerVar="CC" />
		</Unit>
		<Unit filename="../app-template/oscar/srd/Makefile" />
		<Unit filename="../app-template/oscar/srd/Makefile.local" />
		<Unit filename="../app-template/oscar/srd/build/srd_host_host.d" />
		<Unit filename="../app-template/oscar/srd/build/srd_host_host.o" />
		<Unit filename="../app-template/oscar/srd/build/srd_host_host_dbg.d" />
		<Unit filename="../app-template/oscar/srd/build/srd_host_host_dbg.o" />
		<Unit filename="../app-template/oscar/srd/build/srd_host_target_sim.d" />
		<Unit filename="../app-template/oscar/srd/build/srd_host_target_sim.o" />
		<Unit filename="../app-template/oscar/srd/build/srd_host_target_sim_dbg.d" />
		<Unit filename="../app-template/oscar/srd/build/srd_host_target_sim_dbg.o" />
		<Unit filename="../app-template/oscar/srd/build/srd_target_target.d" />
		<Unit filename="../app-template/oscar/srd/build/srd_target_target.o" />
		<Unit filename="../app-template/oscar/srd/build/srd_target_target_dbg.d" />
		<Unit filename="../app-template/oscar/srd/build/srd_target_target_dbg.o" />
		<Unit filename="../app-template/oscar/srd/srd.h" />
		<Unit filename="../app-template/oscar/srd/srd_host.c">
			<Option compilerVar="CC" />
		</Unit>
		<Unit filename="../app-template/oscar/srd/srd_target.c">
			<Option compilerVar="CC" />
		</Unit>
		<Unit filename="../app-template/oscar/sup/Makefile" />
		<Unit filename="../app-template/oscar/sup/build/sup_host_host.d" />
		<Unit filename="../app-template/oscar/sup/build/sup_host_host.o" />
		<Unit filename="../app-template/oscar/sup/build/sup_host_host_dbg.d" />
		<Unit filename="../app-template/oscar/sup/build/sup_host_host_dbg.o" />
		<Unit filename="../app-template/oscar/sup/build/sup_target_target.d" />
		<Unit filename="../app-template/oscar/sup/build/sup_target_target.o" />
		<Unit filename="../app-template/oscar/sup/build/sup_target_target_dbg.d" />
		<Unit filename="../app-template/oscar/sup/build/sup_target_target_dbg.o" />
		<Unit filename="../app-template/oscar/sup/build/sup_target_target_sim.d" />
		<Unit filename="../app-template/oscar/sup/build/sup_target_target_sim.o" />
		<Unit filename="../app-template/oscar/sup/build/sup_target_target_sim_dbg.d" />
		<Unit filename="../app-template/oscar/sup/build/sup_target_target_sim_dbg.o" />
		<Unit filename="../app-template/oscar/sup/sup.h" />
		<Unit filename="../app-template/oscar/sup/sup_host.c">
			<Option compilerVar="CC" />
		</Unit>
		<Unit filename="../app-template/oscar/sup/sup_target.c">
			<Option compilerVar="CC" />
		</Unit>
		<Unit filename="../app-template/oscar/swr/Makefile" />
		<Unit filename="../app-template/oscar/swr/build/swr_host.d" />
		<Unit filename="../app-template/oscar/swr/build/swr_host.o" />
		<Unit filename="../app-template/oscar/swr/build/swr_host_dbg.d" />
		<Unit filename="../app-template/oscar/swr/build/swr_host_dbg.o" />
		<Unit filename="../app-template/oscar/swr/build/swr_target.d" />
		<Unit filename="../app-template/oscar/swr/build/swr_target.o" />
		<Unit filename="../app-template/oscar/swr/build/swr_target_dbg.d" />
		<Unit filename="../app-template/oscar/swr/build/swr_target_dbg.o" />
		<Unit filename="../app-template/oscar/swr/build/swr_target_sim.d" />
		<Unit filename="../app-template/oscar/swr/build/swr_target_sim.o" />
		<Unit filename="../app-template/oscar/swr/build/swr_target_sim_dbg.d" />
		<Unit filename="../app-template/oscar/swr/build/swr_target_sim_dbg.o" />
		<Unit filename="../app-template/oscar/swr/swr.c">
			<Option compilerVar="CC" />
		</Unit>
		<Unit filename="../app-template/oscar/vis/DebayerBilinear.h" />
		<Unit filename="../app-template/oscar/vis/DebayerBilinearBGR.c">
			<Option compilerVar="CC" />
		</Unit>
		<Unit filename="../app-template/oscar/vis/DebayerBilinearBGR_host.c">
			<Option compilerVar="CC" />
		</Unit>
		<Unit filename="../app-template/oscar/vis/DebayerBilinearBGR_target.asm" />
		<Unit filename="../app-template/oscar/vis/DebayerBilinearBGR_target.c">
			<Option compilerVar="CC" />
		</Unit>
		<Unit filename="../app-template/oscar/vis/DebayerBilinearShared_host.c">
			<Option compilerVar="CC" />
		</Unit>
		<Unit filename="../app-template/oscar/vis/Makefile" />
		<Unit filename="../app-template/oscar/vis/Makefile.local" />
		<Unit filename="../app-template/oscar/vis/bayer_fast.c">
			<Option compilerVar="CC" />
		</Unit>
		<Unit filename="../app-template/oscar/vis/bayer_lincorr.c">
			<Option compilerVar="CC" />
		</Unit>
		<Unit filename="../app-template/oscar/vis/build/DebayerBilinearBGR_host.d" />
		<Unit filename="../app-template/oscar/vis/build/DebayerBilinearBGR_host.o" />
		<Unit filename="../app-template/oscar/vis/build/DebayerBilinearBGR_host_dbg.d" />
		<Unit filename="../app-template/oscar/vis/build/DebayerBilinearBGR_host_dbg.o" />
		<Unit filename="../app-template/oscar/vis/build/DebayerBilinearBGR_host_host.d" />
		<Unit filename="../app-template/oscar/vis/build/DebayerBilinearBGR_host_host.o" />
		<Unit filename="../app-template/oscar/vis/build/DebayerBilinearBGR_host_host_dbg.d" />
		<Unit filename="../app-template/oscar/vis/build/DebayerBilinearBGR_host_host_dbg.o" />
		<Unit filename="../app-template/oscar/vis/build/DebayerBilinearBGR_target.d" />
		<Unit filename="../app-template/oscar/vis/build/DebayerBilinearBGR_target.o" />
		<Unit filename="../app-template/oscar/vis/build/DebayerBilinearBGR_target_dbg.d" />
		<Unit filename="../app-template/oscar/vis/build/DebayerBilinearBGR_target_dbg.o" />
		<Unit filename="../app-template/oscar/vis/build/DebayerBilinearBGR_target_sim.d" />
		<Unit filename="../app-template/oscar/vis/build/DebayerBilinearBGR_target_sim.o" />
		<Unit filename="../app-template/oscar/vis/build/DebayerBilinearBGR_target_sim_dbg.d" />
		<Unit filename="../app-template/oscar/vis/build/DebayerBilinearBGR_target_sim_dbg.o" />
		<Unit filename="../app-template/oscar/vis/build/DebayerBilinearBGR_target_target.d" />
		<Unit filename="../app-template/oscar/vis/build/DebayerBilinearBGR_target_target.o" />
		<Unit filename="../app-template/oscar/vis/build/DebayerBilinearBGR_target_target_dbg.d" />
		<Unit filename="../app-template/oscar/vis/build/DebayerBilinearBGR_target_target_dbg.o" />
		<Unit filename="../app-template/oscar/vis/build/DebayerBilinearBGR_target_target_sim.d" />
		<Unit filename="../app-template/oscar/vis/build/DebayerBilinearBGR_target_target_sim.o" />
		<Unit filename="../app-template/oscar/vis/build/DebayerBilinearBGR_target_target_sim_dbg.d" />
		<Unit filename="../app-template/oscar/vis/build/DebayerBilinearBGR_target_target_sim_dbg.o" />
		<Unit filename="../app-template/oscar/vis/build/DebayerBilinearShared_host_host.d" />
		<Unit filename="../app-template/oscar/vis/build/DebayerBilinearShared_host_host.o" />
		<Unit filename="../app-template/oscar/vis/build/DebayerBilinearShared_host_host_dbg.d" />
		<Unit filename="../app-template/oscar/vis/build/DebayerBilinearShared_host_host_dbg.o" />
		<Unit filename="../app-template/oscar/vis/build/bayer_fast_host.d" />
		<Unit filename="../app-template/oscar/vis/build/bayer_fast_host.o" />
		<Unit filename="../app-template/oscar/vis/build/bayer_fast_host_dbg.d" />
		<Unit filename="../app-template/oscar/vis/build/bayer_fast_host_dbg.o" />
		<Unit filename="../app-template/oscar/vis/build/bayer_fast_target.d" />
		<Unit filename="../app-template/oscar/vis/build/bayer_fast_target.o" />
		<Unit filename="../app-template/oscar/vis/build/bayer_fast_target_dbg.d" />
		<Unit filename="../app-template/oscar/vis/build/bayer_fast_target_dbg.o" />
		<Unit filename="../app-template/oscar/vis/build/bayer_fast_target_sim.d" />
		<Unit filename="../app-template/oscar/vis/build/bayer_fast_target_sim.o" />
		<Unit filename="../app-template/oscar/vis/build/bayer_fast_target_sim_dbg.d" />
		<Unit filename="../app-template/oscar/vis/build/bayer_fast_target_sim_dbg.o" />
		<Unit filename="../app-template/oscar/vis/build/bayer_lincorr_host.d" />
		<Unit filename="../app-template/oscar/vis/build/bayer_lincorr_host.o" />
		<Unit filename="../app-template/oscar/vis/build/bayer_lincorr_host_dbg.d" />
		<Unit filename="../app-template/oscar/vis/build/bayer_lincorr_host_dbg.o" />
		<Unit filename="../app-template/oscar/vis/build/bayer_lincorr_target.d" />
		<Unit filename="../app-template/oscar/vis/build/bayer_lincorr_target.o" />
		<Unit filename="../app-template/oscar/vis/build/bayer_lincorr_target_dbg.d" />
		<Unit filename="../app-template/oscar/vis/build/bayer_lincorr_target_dbg.o" />
		<Unit filename="../app-template/oscar/vis/build/bayer_lincorr_target_sim.d" />
		<Unit filename="../app-template/oscar/vis/build/bayer_lincorr_target_sim.o" />
		<Unit filename="../app-template/oscar/vis/build/bayer_lincorr_target_sim_dbg.d" />
		<Unit filename="../app-template/oscar/vis/build/bayer_lincorr_target_sim_dbg.o" />
		<Unit filename="../app-template/oscar/vis/build/conversions_host.d" />
		<Unit filename="../app-template/oscar/vis/build/conversions_host.o" />
		<Unit filename="../app-template/oscar/vis/build/conversions_host_dbg.d" />
		<Unit filename="../app-template/oscar/vis/build/conversions_host_dbg.o" />
		<Unit filename="../app-template/oscar/vis/build/conversions_target.d" />
		<Unit filename="../app-template/oscar/vis/build/conversions_target.o" />
		<Unit filename="../app-template/oscar/vis/build/conversions_target_dbg.d" />
		<Unit filename="../app-template/oscar/vis/build/conversions_target_dbg.o" />
		<Unit filename="../app-template/oscar/vis/build/conversions_target_sim.d" />
		<Unit filename="../app-template/oscar/vis/build/conversions_target_sim.o" />
		<Unit filename="../app-template/oscar/vis/build/conversions_target_sim_dbg.d" />
		<Unit filename="../app-template/oscar/vis/build/conversions_target_sim_dbg.o" />
		<Unit filename="../app-template/oscar/vis/build/filters_host.d" />
		<Unit filename="../app-template/oscar/vis/build/filters_host.o" />
		<Unit filename="../app-template/oscar/vis/build/filters_host_dbg.d" />
		<Unit filename="../app-template/oscar/vis/build/filters_host_dbg.o" />
		<Unit filename="../app-template/oscar/vis/build/filters_target.d" />
		<Unit filename="../app-template/oscar/vis/build/filters_target.o" />
		<Unit filename="../app-template/oscar/vis/build/filters_target_dbg.d" />
		<Unit filename="../app-template/oscar/vis/build/filters_target_dbg.o" />
		<Unit filename="../app-template/oscar/vis/build/filters_target_sim.d" />
		<Unit filename="../app-template/oscar/vis/build/filters_target_sim.o" />
		<Unit filename="../app-template/oscar/vis/build/filters_target_sim_dbg.d" />
		<Unit filename="../app-template/oscar/vis/build/filters_target_sim_dbg.o" />
		<Unit filename="../app-template/oscar/vis/build/morphology_host.d" />
		<Unit filename="../app-template/oscar/vis/build/morphology_host.o" />
		<Unit filename="../app-template/oscar/vis/build/morphology_host_dbg.d" />
		<Unit filename="../app-template/oscar/vis/build/morphology_host_dbg.o" />
		<Unit filename="../app-template/oscar/vis/build/morphology_target.d" />
		<Unit filename="../app-template/oscar/vis/build/morphology_target.o" />
		<Unit filename="../app-template/oscar/vis/build/morphology_target_dbg.d" />
		<Unit filename="../app-template/oscar/vis/build/morphology_target_dbg.o" />
		<Unit filename="../app-template/oscar/vis/build/morphology_target_sim.d" />
		<Unit filename="../app-template/oscar/vis/build/morphology_target_sim.o" />
		<Unit filename="../app-template/oscar/vis/build/morphology_target_sim_dbg.d" />
		<Unit filename="../app-template/oscar/vis/build/morphology_target_sim_dbg.o" />
		<Unit filename="../app-template/oscar/vis/build/segmentation_host.d" />
		<Unit filename="../app-template/oscar/vis/build/segmentation_host.o" />
		<Unit filename="../app-template/oscar/vis/build/segmentation_host_dbg.d" />
		<Unit filename="../app-template/oscar/vis/build/segmentation_host_dbg.o" />
		<Unit filename="../app-template/oscar/vis/build/segmentation_target.d" />
		<Unit filename="../app-template/oscar/vis/build/segmentation_target.o" />
		<Unit filename="../app-template/oscar/vis/build/segmentation_target_dbg.d" />
		<Unit filename="../app-template/oscar/vis/build/segmentation_target_dbg.o" />
		<Unit filename="../app-template/oscar/vis/build/segmentation_target_sim.d" />
		<Unit filename="../app-template/oscar/vis/build/segmentation_target_sim.o" />
		<Unit filename="../app-template/oscar/vis/build/segmentation_target_sim_dbg.d" />
		<Unit filename="../app-template/oscar/vis/build/segmentation_target_sim_dbg.o" />
		<Unit filename="../app-template/oscar/vis/build/transform_host.d" />
		<Unit filename="../app-template/oscar/vis/build/transform_host.o" />
		<Unit filename="../app-template/oscar/vis/build/transform_host_dbg.d" />
		<Unit filename="../app-template/oscar/vis/build/transform_host_dbg.o" />
		<Unit filename="../app-template/oscar/vis/build/transform_target.d" />
		<Unit filename="../app-template/oscar/vis/build/transform_target.o" />
		<Unit filename="../app-template/oscar/vis/build/transform_target_dbg.d" />
		<Unit filename="../app-template/oscar/vis/build/transform_target_dbg.o" />
		<Unit filename="../app-template/oscar/vis/build/transform_target_sim.d" />
		<Unit filename="../app-template/oscar/vis/build/transform_target_sim.o" />
		<Unit filename="../app-template/oscar/vis/build/transform_target_sim_dbg.d" />
		<Unit filename="../app-template/oscar/vis/build/transform_target_sim_dbg.o" />
		<Unit filename="../app-template/oscar/vis/build/vector_debayer_grey_target_target.d" />
		<Unit filename="../app-template/oscar/vis/build/vector_debayer_grey_target_target.o" />
		<Unit filename="../app-template/oscar/vis/build/vector_debayer_grey_target_target_dbg.d" />
		<Unit filename="../app-template/oscar/vis/build/vector_debayer_grey_target_target_dbg.o" />
		<Unit filename="../app-template/oscar/vis/build/vector_debayer_grey_target_target_sim.d" />
		<Unit filename="../app-template/oscar/vis/build/vector_debayer_grey_target_target_sim.o" />
		<Unit filename="../app-template/oscar/vis/build/vector_debayer_grey_target_target_sim_dbg.d" />
		<Unit filename="../app-template/oscar/vis/build/vector_debayer_grey_target_target_sim_dbg.o" />
		<Unit filename="../app-template/oscar/vis/build/vis_host.d" />
		<Unit filename="../app-template/oscar/vis/build/vis_host.o" />
		<Unit filename="../app-template/oscar/vis/build/vis_host_dbg.d" />
		<Unit filename="../app-template/oscar/vis/build/vis_host_dbg.o" />
		<Unit filename="../app-template/oscar/vis/build/vis_target.d" />
		<Unit filename="../app-template/oscar/vis/build/vis_target.o" />
		<Unit filename="../app-template/oscar/vis/build/vis_target_dbg.d" />
		<Unit filename="../app-template/oscar/vis/build/vis_target_dbg.o" />
		<Unit filename="../app-template/oscar/vis/build/vis_target_sim.d" />
		<Unit filename="../app-template/oscar/vis/build/vis_target_sim.o" />
		<Unit filename="../app-template/oscar/vis/build/vis_target_sim_dbg.d" />
		<Unit filename="../app-template/oscar/vis/build/vis_target_sim_dbg.o" />
		<Unit filename="../app-template/oscar/vis/conversions.c">
			<Option compilerVar="CC" />
		</Unit>
		<Unit filename="../app-template/oscar/vis/filters.c">
			<Option compilerVar="CC" />
		</Unit>
		<Unit filename="../app-template/oscar/vis/morphology.c">
			<Option compilerVar="CC" />
		</Unit>
		<Unit filename="../app-template/oscar/vis/segmentation.c">
			<Option compilerVar="CC" />
		</Unit>
		<Unit filename="../app-template/oscar/vis/transform.c">
			<Option compilerVar="CC" />
		</Unit>
		<Unit filename="../app-template/oscar/vis/vector_debayer_grey_target.asm" />
		<Unit filename="../app-template/oscar/vis/vector_debayer_grey_target.c">
			<Option compilerVar="CC" />
		</Unit>
		<Unit filename="../app-template/oscar/vis/vis.c">
			<Option compilerVar="CC" />
		</Unit>
		<Unit filename="../app-template/oscar/vis/vis.h" />
		<Unit filename="../app-template/process_frame.c">
			<Option compilerVar="CC" />
		</Unit>
		<Unit filename="../app-template/template.doxygen" />
		<Unit filename="../app-template/template.h" />
		<Unit filename="../app-template/template_ipc.h" />
		<Unit filename="../app-template/test.bmp" />
		<Unit filename="main.cpp" />
		<Extensions>
			<code_completion />
			<debugger />
		</Extensions>
	</Project>
</CodeBlocks_project_file>
